# generated by rye
# use `rye lock` or `rye sync` to update this lockfile
#
# last locked with the following flags:
#   pre: false
#   features: []
#   all-features: false
#   with-sources: false
#   generate-hashes: false
#   universal: false

-e file:.
aiohappyeyeballs==2.6.1
    # via aiohttp
aiohttp==3.12.15
    # via geoip2
aiosignal==1.4.0
    # via aiohttp
attrs==25.3.0
    # via aiohttp
browserforge==1.2.3
    # via camoufox
camoufox==0.4.11
    # via python-reddit-scraper
certifi==2025.8.3
    # via requests
charset-normalizer==3.4.3
    # via requests
click==8.2.1
    # via browserforge
    # via camoufox
    # via typer
frozenlist==1.7.0
    # via aiohttp
    # via aiosignal
geoip2==5.1.0
    # via camoufox
greenlet==3.2.4
    # via playwright
idna==3.10
    # via requests
    # via yarl
language-tags==1.2.0
    # via camoufox
lxml==6.0.0
    # via camoufox
markdown-it-py==3.0.0
    # via rich
maxminddb==2.8.2
    # via geoip2
mdurl==0.1.2
    # via markdown-it-py
multidict==6.6.3
    # via aiohttp
    # via yarl
numpy==2.3.2
    # via camoufox
orjson==3.11.1
    # via camoufox
platformdirs==4.3.8
    # via camoufox
playwright==1.54.0
    # via camoufox
    # via python-reddit-scraper
propcache==0.3.2
    # via aiohttp
    # via yarl
pyee==13.0.0
    # via playwright
pygments==2.19.2
    # via rich
pysocks==1.7.1
    # via camoufox
pyyaml==6.0.2
    # via camoufox
requests==2.32.4
    # via camoufox
    # via geoip2
rich==14.1.0
    # via typer
screeninfo==0.8.1
    # via camoufox
shellingham==1.5.4
    # via typer
tqdm==4.67.1
    # via camoufox
typer==0.16.0
    # via python-reddit-scraper
typing-extensions==4.14.1
    # via camoufox
    # via pyee
    # via typer
ua-parser==1.0.1
    # via camoufox
ua-parser-builtins==0.18.0.post1
    # via ua-parser
urllib3==2.5.0
    # via requests
yarl==1.20.1
    # via aiohttp
